
Microsoft Visual Studio Solution File, Format Version 12.00
# Visual Studio Version 16
VisualStudioVersion = 16.0.34601.136
MinimumVisualStudioVersion = 10.0.40219.1
Project("{9A19103F-16F7-4668-BE54-9A1E7A4F7556}") = "CFXnet46", "CFXnet46.csproj", "{E2E71E26-B7E4-410F-9038-120EC23F1B12}"
EndProject
Global
	GlobalSection(SolutionConfigurationPlatforms) = preSolution
		Debug|Any CPU = Debug|Any CPU
		Release|Any CPU = Release|Any CPU
	EndGlobalSection
	GlobalSection(ProjectConfigurationPlatforms) = postSolution
		{E2E71E26-B7E4-410F-9038-120EC23F1B12}.Debug|Any CPU.ActiveCfg = Debug|Any CPU
		{E2E71E26-B7E4-410F-9038-120EC23F1B12}.Debug|Any CPU.Build.0 = Debug|Any CPU
		{E2E71E26-B7E4-410F-9038-120EC23F1B12}.Release|Any CPU.ActiveCfg = Release|Any CPU
		{E2E71E26-B7E4-410F-9038-120EC23F1B12}.Release|Any CPU.Build.0 = Release|Any CPU
	EndGlobalSection
	GlobalSection(SolutionProperties) = preSolution
		HideSolutionNode = FALSE
	EndGlobalSection
	GlobalSection(ExtensibilityGlobals) = postSolution
		SolutionGuid = {FE16E5CD-A22B-430B-93F2-D5C0E3CBF180}
	EndGlobalSection
EndGlobal
