
Microsoft Visual Studio Solution File, Format Version 12.00
# Visual Studio 15
VisualStudioVersion = 15.0.28307.645
MinimumVisualStudioVersion = 10.0.40219.1
Project("{FAE04EC0-301F-11D3-BF4B-00C04F79EFBC}") = "CFXExampleEndpoint", "CFXExampleEndpoint.csproj", "{29975296-19AF-46C9-A58D-F99776491E4F}"
EndProject
Global
	GlobalSection(SolutionConfigurationPlatforms) = preSolution
		Debug|Any CPU = Debug|Any CPU
		Release|Any CPU = Release|Any CPU
	EndGlobalSection
	GlobalSection(ProjectConfigurationPlatforms) = postSolution
		{29975296-19AF-46C9-A58D-F99776491E4F}.Debug|Any CPU.ActiveCfg = Debug|Any CPU
		{29975296-19AF-46C9-A58D-F99776491E4F}.Debug|Any CPU.Build.0 = Debug|Any CPU
		{29975296-19AF-46C9-A58D-F99776491E4F}.Release|Any CPU.ActiveCfg = Release|Any CPU
		{29975296-19AF-46C9-A58D-F99776491E4F}.Release|Any CPU.Build.0 = Release|Any CPU
	EndGlobalSection
	GlobalSection(SolutionProperties) = preSolution
		HideSolutionNode = FALSE
	EndGlobalSection
	GlobalSection(ExtensibilityGlobals) = postSolution
		SolutionGuid = {98036E28-27B7-40AC-903A-F67A36393495}
	EndGlobalSection
EndGlobal
